
Microsoft Visual Studio Solution File, Format Version 12.00
# Visual Studio Version 18
VisualStudioVersion = 18.2.11415.280
MinimumVisualStudioVersion = 10.0.40219.1
Project("{FAE04EC0-301F-11D3-BF4B-00C04F79EFBC}") = "WinSize", "WinSizeCore\WinSize.csproj", "{CF9EDF64-597C-4F87-9249-55A6F2D46362}"
EndProject
Project("{FAE04EC0-301F-11D3-BF4B-00C04F79EFBC}") = "WinSizeUI", "WinSizeUI\WinSizeUI.csproj", "{93AD765D-4217-4B77-BEEB-8750F0E26D3F}"
EndProject
Project("{FAE04EC0-301F-11D3-BF4B-00C04F79EFBC}") = "WinSizeTests", "WinSizeTests\WinSizeTests.csproj", "{ED2BC0C1-8452-4EC0-9216-26EC9BC0B083}"
EndProject
Project("{FAE04EC0-301F-11D3-BF4B-00C04F79EFBC}") = "WinSizeUI3", "WinSizeUI3\WinSizeUI3.csproj", "{6F9076DF-42BA-4F13-9783-F53C84EB96E7}"
EndProject
Project("{FAE04EC0-301F-11D3-BF4B-00C04F79EFBC}") = "WinSizeService", "WinSizeService\WinSizeService.csproj", "{B60D676D-C4E3-4C40-8687-84F82800A09D}"
EndProject
Project("{FAE04EC0-301F-11D3-BF4B-00C04F79EFBC}") = "WinSizeWebUI", "WinSizeWebUI\WinSizeWebUI.csproj", "{6125DBE2-55A2-4D14-918E-535A61ACFF0B}"
EndProject
Global
	GlobalSection(SolutionConfigurationPlatforms) = preSolution
		Debug|Any CPU = Debug|Any CPU
		Debug|x64 = Debug|x64
		Debug|x86 = Debug|x86
		Release|Any CPU = Release|Any CPU
		Release|x64 = Release|x64
		Release|x86 = Release|x86
	EndGlobalSection
	GlobalSection(ProjectConfigurationPlatforms) = postSolution
		{CF9EDF64-597C-4F87-9249-55A6F2D46362}.Debug|Any CPU.ActiveCfg = Debug|Any CPU
		{CF9EDF64-597C-4F87-9249-55A6F2D46362}.Debug|Any CPU.Build.0 = Debug|Any CPU
		{CF9EDF64-597C-4F87-9249-55A6F2D46362}.Debug|x64.ActiveCfg = Debug|Any CPU
		{CF9EDF64-597C-4F87-9249-55A6F2D46362}.Debug|x64.Build.0 = Debug|Any CPU
		{CF9EDF64-597C-4F87-9249-55A6F2D46362}.Debug|x86.ActiveCfg = Debug|Any CPU
		{CF9EDF64-597C-4F87-9249-55A6F2D46362}.Debug|x86.Build.0 = Debug|Any CPU
		{CF9EDF64-597C-4F87-9249-55A6F2D46362}.Release|Any CPU.ActiveCfg = Release|Any CPU
		{CF9EDF64-597C-4F87-9249-55A6F2D46362}.Release|Any CPU.Build.0 = Release|Any CPU
		{CF9EDF64-597C-4F87-9249-55A6F2D46362}.Release|x64.ActiveCfg = Release|Any CPU
		{CF9EDF64-597C-4F87-9249-55A6F2D46362}.Release|x64.Build.0 = Release|Any CPU
		{CF9EDF64-597C-4F87-9249-55A6F2D46362}.Release|x86.ActiveCfg = Release|Any CPU
		{CF9EDF64-597C-4F87-9249-55A6F2D46362}.Release|x86.Build.0 = Release|Any CPU
		{93AD765D-4217-4B77-BEEB-8750F0E26D3F}.Debug|Any CPU.ActiveCfg = Debug|Any CPU
		{93AD765D-4217-4B77-BEEB-8750F0E26D3F}.Debug|Any CPU.Build.0 = Debug|Any CPU
		{93AD765D-4217-4B77-BEEB-8750F0E26D3F}.Debug|x64.ActiveCfg = Debug|Any CPU
		{93AD765D-4217-4B77-BEEB-8750F0E26D3F}.Debug|x64.Build.0 = Debug|Any CPU
		{93AD765D-4217-4B77-BEEB-8750F0E26D3F}.Debug|x86.ActiveCfg = Debug|Any CPU
		{93AD765D-4217-4B77-BEEB-8750F0E26D3F}.Debug|x86.Build.0 = Debug|Any CPU
		{93AD765D-4217-4B77-BEEB-8750F0E26D3F}.Release|Any CPU.ActiveCfg = Release|Any CPU
		{93AD765D-4217-4B77-BEEB-8750F0E26D3F}.Release|Any CPU.Build.0 = Release|Any CPU
		{93AD765D-4217-4B77-BEEB-8750F0E26D3F}.Release|x64.ActiveCfg = Release|Any CPU
		{93AD765D-4217-4B77-BEEB-8750F0E26D3F}.Release|x64.Build.0 = Release|Any CPU
		{93AD765D-4217-4B77-BEEB-8750F0E26D3F}.Release|x86.ActiveCfg = Release|Any CPU
		{93AD765D-4217-4B77-BEEB-8750F0E26D3F}.Release|x86.Build.0 = Release|Any CPU
		{ED2BC0C1-8452-4EC0-9216-26EC9BC0B083}.Debug|Any CPU.ActiveCfg = Debug|Any CPU
		{ED2BC0C1-8452-4EC0-9216-26EC9BC0B083}.Debug|Any CPU.Build.0 = Debug|Any CPU
		{ED2BC0C1-8452-4EC0-9216-26EC9BC0B083}.Debug|x64.ActiveCfg = Debug|Any CPU
		{ED2BC0C1-8452-4EC0-9216-26EC9BC0B083}.Debug|x64.Build.0 = Debug|Any CPU
		{ED2BC0C1-8452-4EC0-9216-26EC9BC0B083}.Debug|x86.ActiveCfg = Debug|Any CPU
		{ED2BC0C1-8452-4EC0-9216-26EC9BC0B083}.Debug|x86.Build.0 = Debug|Any CPU
		{ED2BC0C1-8452-4EC0-9216-26EC9BC0B083}.Release|Any CPU.ActiveCfg = Release|Any CPU
		{ED2BC0C1-8452-4EC0-9216-26EC9BC0B083}.Release|Any CPU.Build.0 = Release|Any CPU
		{ED2BC0C1-8452-4EC0-9216-26EC9BC0B083}.Release|x64.ActiveCfg = Release|Any CPU
		{ED2BC0C1-8452-4EC0-9216-26EC9BC0B083}.Release|x64.Build.0 = Release|Any CPU
		{ED2BC0C1-8452-4EC0-9216-26EC9BC0B083}.Release|x86.ActiveCfg = Release|Any CPU
		{ED2BC0C1-8452-4EC0-9216-26EC9BC0B083}.Release|x86.Build.0 = Release|Any CPU
		{6F9076DF-42BA-4F13-9783-F53C84EB96E7}.Debug|Any CPU.ActiveCfg = Debug|x64
		{6F9076DF-42BA-4F13-9783-F53C84EB96E7}.Debug|Any CPU.Build.0 = Debug|x64
		{6F9076DF-42BA-4F13-9783-F53C84EB96E7}.Debug|Any CPU.Deploy.0 = Debug|x64
		{6F9076DF-42BA-4F13-9783-F53C84EB96E7}.Debug|x64.ActiveCfg = Debug|x64
		{6F9076DF-42BA-4F13-9783-F53C84EB96E7}.Debug|x64.Build.0 = Debug|x64
		{6F9076DF-42BA-4F13-9783-F53C84EB96E7}.Debug|x64.Deploy.0 = Debug|x64
		{6F9076DF-42BA-4F13-9783-F53C84EB96E7}.Debug|x86.ActiveCfg = Debug|x86
		{6F9076DF-42BA-4F13-9783-F53C84EB96E7}.Debug|x86.Build.0 = Debug|x86
		{6F9076DF-42BA-4F13-9783-F53C84EB96E7}.Debug|x86.Deploy.0 = Debug|x86
		{6F9076DF-42BA-4F13-9783-F53C84EB96E7}.Release|Any CPU.ActiveCfg = Release|x64
		{6F9076DF-42BA-4F13-9783-F53C84EB96E7}.Release|Any CPU.Build.0 = Release|x64
		{6F9076DF-42BA-4F13-9783-F53C84EB96E7}.Release|Any CPU.Deploy.0 = Release|x64
		{6F9076DF-42BA-4F13-9783-F53C84EB96E7}.Release|x64.ActiveCfg = Release|x64
		{6F9076DF-42BA-4F13-9783-F53C84EB96E7}.Release|x64.Build.0 = Release|x64
		{6F9076DF-42BA-4F13-9783-F53C84EB96E7}.Release|x64.Deploy.0 = Release|x64
		{6F9076DF-42BA-4F13-9783-F53C84EB96E7}.Release|x86.ActiveCfg = Release|x86
		{6F9076DF-42BA-4F13-9783-F53C84EB96E7}.Release|x86.Build.0 = Release|x86
		{6F9076DF-42BA-4F13-9783-F53C84EB96E7}.Release|x86.Deploy.0 = Release|x86
		{B60D676D-C4E3-4C40-8687-84F82800A09D}.Debug|Any CPU.ActiveCfg = Debug|Any CPU
		{B60D676D-C4E3-4C40-8687-84F82800A09D}.Debug|Any CPU.Build.0 = Debug|Any CPU
		{B60D676D-C4E3-4C40-8687-84F82800A09D}.Debug|x64.ActiveCfg = Debug|Any CPU
		{B60D676D-C4E3-4C40-8687-84F82800A09D}.Debug|x64.Build.0 = Debug|Any CPU
		{B60D676D-C4E3-4C40-8687-84F82800A09D}.Debug|x86.ActiveCfg = Debug|Any CPU
		{B60D676D-C4E3-4C40-8687-84F82800A09D}.Debug|x86.Build.0 = Debug|Any CPU
		{B60D676D-C4E3-4C40-8687-84F82800A09D}.Release|Any CPU.ActiveCfg = Release|Any CPU
		{B60D676D-C4E3-4C40-8687-84F82800A09D}.Release|Any CPU.Build.0 = Release|Any CPU
		{B60D676D-C4E3-4C40-8687-84F82800A09D}.Release|x64.ActiveCfg = Release|Any CPU
		{B60D676D-C4E3-4C40-8687-84F82800A09D}.Release|x64.Build.0 = Release|Any CPU
		{B60D676D-C4E3-4C40-8687-84F82800A09D}.Release|x86.ActiveCfg = Release|Any CPU
		{B60D676D-C4E3-4C40-8687-84F82800A09D}.Release|x86.Build.0 = Release|Any CPU
		{6125DBE2-55A2-4D14-918E-535A61ACFF0B}.Debug|Any CPU.ActiveCfg = Debug|Any CPU
		{6125DBE2-55A2-4D14-918E-535A61ACFF0B}.Debug|Any CPU.Build.0 = Debug|Any CPU
		{6125DBE2-55A2-4D14-918E-535A61ACFF0B}.Debug|x64.ActiveCfg = Debug|Any CPU
		{6125DBE2-55A2-4D14-918E-535A61ACFF0B}.Debug|x64.Build.0 = Debug|Any CPU
		{6125DBE2-55A2-4D14-918E-535A61ACFF0B}.Debug|x86.ActiveCfg = Debug|Any CPU
		{6125DBE2-55A2-4D14-918E-535A61ACFF0B}.Debug|x86.Build.0 = Debug|Any CPU
		{6125DBE2-55A2-4D14-918E-535A61ACFF0B}.Release|Any CPU.ActiveCfg = Release|Any CPU
		{6125DBE2-55A2-4D14-918E-535A61ACFF0B}.Release|Any CPU.Build.0 = Release|Any CPU
		{6125DBE2-55A2-4D14-918E-535A61ACFF0B}.Release|x64.ActiveCfg = Release|Any CPU
		{6125DBE2-55A2-4D14-918E-535A61ACFF0B}.Release|x64.Build.0 = Release|Any CPU
		{6125DBE2-55A2-4D14-918E-535A61ACFF0B}.Release|x86.ActiveCfg = Release|Any CPU
		{6125DBE2-55A2-4D14-918E-535A61ACFF0B}.Release|x86.Build.0 = Release|Any CPU
	EndGlobalSection
	GlobalSection(SolutionProperties) = preSolution
		HideSolutionNode = FALSE
	EndGlobalSection
	GlobalSection(ExtensibilityGlobals) = postSolution
		SolutionGuid = {AD61B70B-D7FF-4D4E-AB78-20E5B0AD68FF}
	EndGlobalSection
EndGlobal
